// !$*UTF8*$!
{
	archiveVersion = 1;
	classes = {
	};
	objectVersion = 56;
	objects = {

/* Begin PBXBuildFile section */
		CC0C91D02BD53B3000D9F753 /* CalendarModel.swift in Sources */ = {isa = PBXBuildFile; fileRef = CC0C91CF2BD53B3000D9F753 /* CalendarModel.swift */; };
		CC0C91D22BD5414A00D9F753 /* MonthModel.swift in Sources */ = {isa = PBXBuildFile; fileRef = CC0C91D12BD5414A00D9F753 /* MonthModel.swift */; };
		CC0C91D42BD5415E00D9F753 /* DayModel.swift in Sources */ = {isa = PBXBuildFile; fileRef = CC0C91D32BD5415E00D9F753 /* DayModel.swift */; };
		CC6E5E4F2BD5F76E003C10D5 /* Utility.swift in Sources */ = {isa = PBXBuildFile; fileRef = CC6E5E4E2BD5F76E003C10D5 /* Utility.swift */; };
		CC6E5E512BD6356F003C10D5 /* MonthView.swift in Sources */ = {isa = PBXBuildFile; fileRef = CC6E5E502BD6356F003C10D5 /* MonthView.swift */; };
		CC6E5E532BD6379F003C10D5 /* HStackWithPadding.swift in Sources */ = {isa = PBXBuildFile; fileRef = CC6E5E522BD6379F003C10D5 /* HStackWithPadding.swift */; };
		CC74C8AC2BD22B7800054B7E /* DateFormatter+.swift in Sources */ = {isa = PBXBuildFile; fileRef = CC74C8AB2BD22B7800054B7E /* DateFormatter+.swift */; };
		CC74C8AE2BD2373800054B7E /* DayView.swift in Sources */ = {isa = PBXBuildFile; fileRef = CC74C8AD2BD2373800054B7E /* DayView.swift */; };
		CC860DFC2BD3AAE1003E1873 /* Date.swift in Sources */ = {isa = PBXBuildFile; fileRef = CC860DFB2BD3AAE1003E1873 /* Date.swift */; };
		CC860DFE2BD3AB3C003E1873 /* Calendar+.swift in Sources */ = {isa = PBXBuildFile; fileRef = CC860DFD2BD3AB3C003E1873 /* Calendar+.swift */; };
		CC972C652BCF553D007F3C9B /* Calendar_GnoamApp.swift in Sources */ = {isa = PBXBuildFile; fileRef = CC972C642BCF553D007F3C9B /* Calendar_GnoamApp.swift */; };
		CC972C672BCF553D007F3C9B /* CalendarView.swift in Sources */ = {isa = PBXBuildFile; fileRef = CC972C662BCF553D007F3C9B /* CalendarView.swift */; };
		CC972C692BCF553E007F3C9B /* Assets.xcassets in Resources */ = {isa = PBXBuildFile; fileRef = CC972C682BCF553E007F3C9B /* Assets.xcassets */; };
		CC972C6C2BCF553E007F3C9B /* Preview Assets.xcassets in Resources */ = {isa = PBXBuildFile; fileRef = CC972C6B2BCF553E007F3C9B /* Preview Assets.xcassets */; };
		CCF6046E2BD744E300757B08 /* EventView.swift in Sources */ = {isa = PBXBuildFile; fileRef = CCF6046D2BD744E300757B08 /* EventView.swift */; };
/* End PBXBuildFile section */

/* Begin PBXFileReference section */
		CC0C91CF2BD53B3000D9F753 /* CalendarModel.swift */ = {isa = PBXFileReference; lastKnownFileType = sourcecode.swift; path = CalendarModel.swift; sourceTree = "<group>"; };
		CC0C91D12BD5414A00D9F753 /* MonthModel.swift */ = {isa = PBXFileReference; lastKnownFileType = sourcecode.swift; path = MonthModel.swift; sourceTree = "<group>"; };
		CC0C91D32BD5415E00D9F753 /* DayModel.swift */ = {isa = PBXFileReference; lastKnownFileType = sourcecode.swift; path = DayModel.swift; sourceTree = "<group>"; };
		CC6E5E4E2BD5F76E003C10D5 /* Utility.swift */ = {isa = PBXFileReference; lastKnownFileType = sourcecode.swift; path = Utility.swift; sourceTree = "<group>"; };
		CC6E5E502BD6356F003C10D5 /* MonthView.swift */ = {isa = PBXFileReference; lastKnownFileType = sourcecode.swift; path = MonthView.swift; sourceTree = "<group>"; };
		CC6E5E522BD6379F003C10D5 /* HStackWithPadding.swift */ = {isa = PBXFileReference; lastKnownFileType = sourcecode.swift; path = HStackWithPadding.swift; sourceTree = "<group>"; };
		CC74C8AB2BD22B7800054B7E /* DateFormatter+.swift */ = {isa = PBXFileReference; lastKnownFileType = sourcecode.swift; path = "DateFormatter+.swift"; sourceTree = "<group>"; };
		CC74C8AD2BD2373800054B7E /* DayView.swift */ = {isa = PBXFileReference; lastKnownFileType = sourcecode.swift; path = DayView.swift; sourceTree = "<group>"; };
		CC860DFB2BD3AAE1003E1873 /* Date.swift */ = {isa = PBXFileReference; lastKnownFileType = sourcecode.swift; path = Date.swift; sourceTree = "<group>"; };
		CC860DFD2BD3AB3C003E1873 /* Calendar+.swift */ = {isa = PBXFileReference; lastKnownFileType = sourcecode.swift; path = "Calendar+.swift"; sourceTree = "<group>"; };
		CC972C612BCF553D007F3C9B /* Calendar_Gnoam.app */ = {isa = PBXFileReference; explicitFileType = wrapper.application; includeInIndex = 0; path = Calendar_Gnoam.app; sourceTree = BUILT_PRODUCTS_DIR; };
		CC972C642BCF553D007F3C9B /* Calendar_GnoamApp.swift */ = {isa = PBXFileReference; lastKnownFileType = sourcecode.swift; path = Calendar_GnoamApp.swift; sourceTree = "<group>"; };
		CC972C662BCF553D007F3C9B /* CalendarView.swift */ = {isa = PBXFileReference; lastKnownFileType = sourcecode.swift; path = CalendarView.swift; sourceTree = "<group>"; };
		CC972C682BCF553E007F3C9B /* Assets.xcassets */ = {isa = PBXFileReference; lastKnownFileType = folder.assetcatalog; path = Assets.xcassets; sourceTree = "<group>"; };
		CC972C6B2BCF553E007F3C9B /* Preview Assets.xcassets */ = {isa = PBXFileReference; lastKnownFileType = folder.assetcatalog; path = "Preview Assets.xcassets"; sourceTree = "<group>"; };
		CCF6046D2BD744E300757B08 /* EventView.swift */ = {isa = PBXFileReference; lastKnownFileType = sourcecode.swift; path = EventView.swift; sourceTree = "<group>"; };
/* End PBXFileReference section */

/* Begin PBXFrameworksBuildPhase section */
		CC972C5E2BCF553D007F3C9B /* Frameworks */ = {
			isa = PBXFrameworksBuildPhase;
			buildActionMask = 2147483647;
			files = (
			);
			runOnlyForDeploymentPostprocessing = 0;
		};
/* End PBXFrameworksBuildPhase section */

/* Begin PBXGroup section */
		CC0C91CE2BD53B1300D9F753 /* Model */ = {
			isa = PBXGroup;
			children = (
				CC0C91CF2BD53B3000D9F753 /* CalendarModel.swift */,
				CC0C91D12BD5414A00D9F753 /* MonthModel.swift */,
				CC0C91D32BD5415E00D9F753 /* DayModel.swift */,
				CC6E5E4E2BD5F76E003C10D5 /* Utility.swift */,
			);
			path = Model;
			sourceTree = "<group>";
		};
		CC74C8AA2BD22B3900054B7E /* Global */ = {
			isa = PBXGroup;
			children = (
				CC74C8AB2BD22B7800054B7E /* DateFormatter+.swift */,
				CC860DFB2BD3AAE1003E1873 /* Date.swift */,
				CC860DFD2BD3AB3C003E1873 /* Calendar+.swift */,
			);
			path = Global;
			sourceTree = "<group>";
		};
		CC74C8AF2BD2375D00054B7E /* Scene */ = {
			isa = PBXGroup;
			children = (
				CC972C662BCF553D007F3C9B /* CalendarView.swift */,
				CC74C8AD2BD2373800054B7E /* DayView.swift */,
				CC6E5E502BD6356F003C10D5 /* MonthView.swift */,
				CCF6046D2BD744E300757B08 /* EventView.swift */,
				CC6E5E522BD6379F003C10D5 /* HStackWithPadding.swift */,
			);
			path = Scene;
			sourceTree = "<group>";
		};
		CC972C582BCF553D007F3C9B = {
			isa = PBXGroup;
			children = (
				CC972C632BCF553D007F3C9B /* Calendar_Gnoam */,
				CC972C622BCF553D007F3C9B /* Products */,
			);
			sourceTree = "<group>";
		};
		CC972C622BCF553D007F3C9B /* Products */ = {
			isa = PBXGroup;
			children = (
				CC972C612BCF553D007F3C9B /* Calendar_Gnoam.app */,
			);
			name = Products;
			sourceTree = "<group>";
		};
		CC972C632BCF553D007F3C9B /* Calendar_Gnoam */ = {
			isa = PBXGroup;
			children = (
				CC0C91CE2BD53B1300D9F753 /* Model */,
				CC74C8AF2BD2375D00054B7E /* Scene */,
				CC74C8AA2BD22B3900054B7E /* Global */,
				CC972C642BCF553D007F3C9B /* Calendar_GnoamApp.swift */,
				CC972C682BCF553E007F3C9B /* Assets.xcassets */,
				CC972C6A2BCF553E007F3C9B /* Preview Content */,
			);
			path = Calendar_Gnoam;
			sourceTree = "<group>";
		};
		CC972C6A2BCF553E007F3C9B /* Preview Content */ = {
			isa = PBXGroup;
			children = (
				CC972C6B2BCF553E007F3C9B /* Preview Assets.xcassets */,
			);
			path = "Preview Content";
			sourceTree = "<group>";
		};
/* End PBXGroup section */

/* Begin PBXNativeTarget section */
		CC972C602BCF553D007F3C9B /* Calendar_Gnoam */ = {
			isa = PBXNativeTarget;
			buildConfigurationList = CC972C6F2BCF553E007F3C9B /* Build configuration list for PBXNativeTarget "Calendar_Gnoam" */;
			buildPhases = (
				CC972C5D2BCF553D007F3C9B /* Sources */,
				CC972C5E2BCF553D007F3C9B /* Frameworks */,
				CC972C5F2BCF553D007F3C9B /* Resources */,
			);
			buildRules = (
			);
			dependencies = (
			);
			name = Calendar_Gnoam;
			productName = Calendar_Gnoam;
			productReference = CC972C612BCF553D007F3C9B /* Calendar_Gnoam.app */;
			productType = "com.apple.product-type.application";
		};
/* End PBXNativeTarget section */

/* Begin PBXProject section */
		CC972C592BCF553D007F3C9B /* Project object */ = {
			isa = PBXProject;
			attributes = {
				BuildIndependentTargetsInParallel = 1;
				LastSwiftUpdateCheck = 1530;
				LastUpgradeCheck = 1530;
				TargetAttributes = {
					CC972C602BCF553D007F3C9B = {
						CreatedOnToolsVersion = 15.3;
					};
				};
			};
			buildConfigurationList = CC972C5C2BCF553D007F3C9B /* Build configuration list for PBXProject "Calendar_Gnoam" */;
			compatibilityVersion = "Xcode 14.0";
			developmentRegion = en;
			hasScannedForEncodings = 0;
			knownRegions = (
				en,
				Base,
			);
			mainGroup = CC972C582BCF553D007F3C9B;
			productRefGroup = CC972C622BCF553D007F3C9B /* Products */;
			projectDirPath = "";
			projectRoot = "";
			targets = (
				CC972C602BCF553D007F3C9B /* Calendar_Gnoam */,
			);
		};
/* End PBXProject section */

/* Begin PBXResourcesBuildPhase section */
		CC972C5F2BCF553D007F3C9B /* Resources */ = {
			isa = PBXResourcesBuildPhase;
			buildActionMask = 2147483647;
			files = (
				CC972C6C2BCF553E007F3C9B /* Preview Assets.xcassets in Resources */,
				CC972C692BCF553E007F3C9B /* Assets.xcassets in Resources */,
			);
			runOnlyForDeploymentPostprocessing = 0;
		};
/* End PBXResourcesBuildPhase section */

/* Begin PBXSourcesBuildPhase section */
		CC972C5D2BCF553D007F3C9B /* Sources */ = {
			isa = PBXSourcesBuildPhase;
			buildActionMask = 2147483647;
			files = (
				CC6E5E512BD6356F003C10D5 /* MonthView.swift in Sources */,
				CC6E5E4F2BD5F76E003C10D5 /* Utility.swift in Sources */,
				CCF6046E2BD744E300757B08 /* EventView.swift in Sources */,
				CC0C91D02BD53B3000D9F753 /* CalendarModel.swift in Sources */,
				CC74C8AC2BD22B7800054B7E /* DateFormatter+.swift in Sources */,
				CC0C91D22BD5414A00D9F753 /* MonthModel.swift in Sources */,
				CC0C91D42BD5415E00D9F753 /* DayModel.swift in Sources */,
				CC860DFC2BD3AAE1003E1873 /* Date.swift in Sources */,
				CC972C672BCF553D007F3C9B /* CalendarView.swift in Sources */,
				CC74C8AE2BD2373800054B7E /* DayView.swift in Sources */,
				CC972C652BCF553D007F3C9B /* Calendar_GnoamApp.swift in Sources */,
				CC860DFE2BD3AB3C003E1873 /* Calendar+.swift in Sources */,
				CC6E5E532BD6379F003C10D5 /* HStackWithPadding.swift in Sources */,
			);
			runOnlyForDeploymentPostprocessing = 0;
		};
/* End PBXSourcesBuildPhase section */

/* Begin XCBuildConfiguration section */
		CC972C6D2BCF553E007F3C9B /* Debug */ = {
			isa = XCBuildConfiguration;
			buildSettings = {
				ALWAYS_SEARCH_USER_PATHS = NO;
				ASSETCATALOG_COMPILER_GENERATE_SWIFT_ASSET_SYMBOL_EXTENSIONS = YES;
				CLANG_ANALYZER_NONNULL = YES;
				CLANG_ANALYZER_NUMBER_OBJECT_CONVERSION = YES_AGGRESSIVE;
				CLANG_CXX_LANGUAGE_STANDARD = "gnu++20";
				CLANG_ENABLE_MODULES = YES;
				CLANG_ENABLE_OBJC_ARC = YES;
				CLANG_ENABLE_OBJC_WEAK = YES;
				CLANG_WARN_BLOCK_CAPTURE_AUTORELEASING = YES;
				CLANG_WARN_BOOL_CONVERSION = YES;
				CLANG_WARN_COMMA = YES;
				CLANG_WARN_CONSTANT_CONVERSION = YES;
				CLANG_WARN_DEPRECATED_OBJC_IMPLEMENTATIONS = YES;
				CLANG_WARN_DIRECT_OBJC_ISA_USAGE = YES_ERROR;
				CLANG_WARN_DOCUMENTATION_COMMENTS = YES;
				CLANG_WARN_EMPTY_BODY = YES;
				CLANG_WARN_ENUM_CONVERSION = YES;
				CLANG_WARN_INFINITE_RECURSION = YES;
				CLANG_WARN_INT_CONVERSION = YES;
				CLANG_WARN_NON_LITERAL_NULL_CONVERSION = YES;
				CLANG_WARN_OBJC_IMPLICIT_RETAIN_SELF = YES;
				CLANG_WARN_OBJC_LITERAL_CONVERSION = YES;
				CLANG_WARN_OBJC_ROOT_CLASS = YES_ERROR;
				CLANG_WARN_QUOTED_INCLUDE_IN_FRAMEWORK_HEADER = YES;
				CLANG_WARN_RANGE_LOOP_ANALYSIS = YES;
				CLANG_WARN_STRICT_PROTOTYPES = YES;
				CLANG_WARN_SUSPICIOUS_MOVE = YES;
				CLANG_WARN_UNGUARDED_AVAILABILITY = YES_AGGRESSIVE;
				CLANG_WARN_UNREACHABLE_CODE = YES;
				CLANG_WARN__DUPLICATE_METHOD_MATCH = YES;
				COPY_PHASE_STRIP = NO;
				DEBUG_INFORMATION_FORMAT = dwarf;
				ENABLE_STRICT_OBJC_MSGSEND = YES;
				ENABLE_TESTABILITY = YES;
				ENABLE_USER_SCRIPT_SANDBOXING = YES;
				GCC_C_LANGUAGE_STANDARD = gnu17;
				GCC_DYNAMIC_NO_PIC = NO;
				GCC_NO_COMMON_BLOCKS = YES;
				GCC_OPTIMIZATION_LEVEL = 0;
				GCC_PREPROCESSOR_DEFINITIONS = (
					"DEBUG=1",
					"$(inherited)",
				);
				GCC_WARN_64_TO_32_BIT_CONVERSION = YES;
				GCC_WARN_ABOUT_RETURN_TYPE = YES_ERROR;
				GCC_WARN_UNDECLARED_SELECTOR = YES;
				GCC_WARN_UNINITIALIZED_AUTOS = YES_AGGRESSIVE;
				GCC_WARN_UNUSED_FUNCTION = YES;
				GCC_WARN_UNUSED_VARIABLE = YES;
				IPHONEOS_DEPLOYMENT_TARGET = 17.4;
				LOCALIZATION_PREFERS_STRING_CATALOGS = YES;
				MTL_ENABLE_DEBUG_INFO = INCLUDE_SOURCE;
				MTL_FAST_MATH = YES;
				ONLY_ACTIVE_ARCH = YES;
				SDKROOT = iphoneos;
				SWIFT_ACTIVE_COMPILATION_CONDITIONS = "DEBUG $(inherited)";
				SWIFT_OPTIMIZATION_LEVEL = "-Onone";
			};
			name = Debug;
		};
		CC972C6E2BCF553E007F3C9B /* Release */ = {
			isa = XCBuildConfiguration;
			buildSettings = {
				ALWAYS_SEARCH_USER_PATHS = NO;
				ASSETCATALOG_COMPILER_GENERATE_SWIFT_ASSET_SYMBOL_EXTENSIONS = YES;
				CLANG_ANALYZER_NONNULL = YES;
				CLANG_ANALYZER_NUMBER_OBJECT_CONVERSION = YES_AGGRESSIVE;
				CLANG_CXX_LANGUAGE_STANDARD = "gnu++20";
				CLANG_ENABLE_MODULES = YES;
				CLANG_ENABLE_OBJC_ARC = YES;
				CLANG_ENABLE_OBJC_WEAK = YES;
				CLANG_WARN_BLOCK_CAPTURE_AUTORELEASING = YES;
				CLANG_WARN_BOOL_CONVERSION = YES;
				CLANG_WARN_COMMA = YES;
				CLANG_WARN_CONSTANT_CONVERSION = YES;
				CLANG_WARN_DEPRECATED_OBJC_IMPLEMENTATIONS = YES;
				CLANG_WARN_DIRECT_OBJC_ISA_USAGE = YES_ERROR;
				CLANG_WARN_DOCUMENTATION_COMMENTS = YES;
				CLANG_WARN_EMPTY_BODY = YES;
				CLANG_WARN_ENUM_CONVERSION = YES;
				CLANG_WARN_INFINITE_RECURSION = YES;
				CLANG_WARN_INT_CONVERSION = YES;
				CLANG_WARN_NON_LITERAL_NULL_CONVERSION = YES;
				CLANG_WARN_OBJC_IMPLICIT_RETAIN_SELF = YES;
				CLANG_WARN_OBJC_LITERAL_CONVERSION = YES;
				CLANG_WARN_OBJC_ROOT_CLASS = YES_ERROR;
				CLANG_WARN_QUOTED_INCLUDE_IN_FRAMEWORK_HEADER = YES;
				CLANG_WARN_RANGE_LOOP_ANALYSIS = YES;
				CLANG_WARN_STRICT_PROTOTYPES = YES;
				CLANG_WARN_SUSPICIOUS_MOVE = YES;
				CLANG_WARN_UNGUARDED_AVAILABILITY = YES_AGGRESSIVE;
				CLANG_WARN_UNREACHABLE_CODE = YES;
				CLANG_WARN__DUPLICATE_METHOD_MATCH = YES;
				COPY_PHASE_STRIP = NO;
				DEBUG_INFORMATION_FORMAT = "dwarf-with-dsym";
				ENABLE_NS_ASSERTIONS = NO;
				ENABLE_STRICT_OBJC_MSGSEND = YES;
				ENABLE_USER_SCRIPT_SANDBOXING = YES;
				GCC_C_LANGUAGE_STANDARD = gnu17;
				GCC_NO_COMMON_BLOCKS = YES;
				GCC_WARN_64_TO_32_BIT_CONVERSION = YES;
				GCC_WARN_ABOUT_RETURN_TYPE = YES_ERROR;
				GCC_WARN_UNDECLARED_SELECTOR = YES;
				GCC_WARN_UNINITIALIZED_AUTOS = YES_AGGRESSIVE;
				GCC_WARN_UNUSED_FUNCTION = YES;
				GCC_WARN_UNUSED_VARIABLE = YES;
				IPHONEOS_DEPLOYMENT_TARGET = 17.4;
				LOCALIZATION_PREFERS_STRING_CATALOGS = YES;
				MTL_ENABLE_DEBUG_INFO = NO;
				MTL_FAST_MATH = YES;
				SDKROOT = iphoneos;
				SWIFT_COMPILATION_MODE = wholemodule;
				VALIDATE_PRODUCT = YES;
			};
			name = Release;
		};
		CC972C702BCF553E007F3C9B /* Debug */ = {
			isa = XCBuildConfiguration;
			buildSettings = {
				ASSETCATALOG_COMPILER_APPICON_NAME = AppIcon;
				ASSETCATALOG_COMPILER_GLOBAL_ACCENT_COLOR_NAME = AccentColor;
				CODE_SIGN_STYLE = Automatic;
				CURRENT_PROJECT_VERSION = 1;
				DEVELOPMENT_ASSET_PATHS = "\"Calendar_Gnoam/Preview Content\"";
				DEVELOPMENT_TEAM = HGC446G538;
				ENABLE_PREVIEWS = YES;
				GENERATE_INFOPLIST_FILE = YES;
				INFOPLIST_KEY_UIApplicationSceneManifest_Generation = YES;
				INFOPLIST_KEY_UIApplicationSupportsIndirectInputEvents = YES;
				INFOPLIST_KEY_UILaunchScreen_Generation = YES;
				INFOPLIST_KEY_UISupportedInterfaceOrientations_iPad = "UIInterfaceOrientationPortrait UIInterfaceOrientationPortraitUpsideDown UIInterfaceOrientationLandscapeLeft UIInterfaceOrientationLandscapeRight";
				INFOPLIST_KEY_UISupportedInterfaceOrientations_iPhone = "UIInterfaceOrientationPortrait UIInterfaceOrientationLandscapeLeft UIInterfaceOrientationLandscapeRight";
				LD_RUNPATH_SEARCH_PATHS = (
					"$(inherited)",
					"@executable_path/Frameworks",
				);
				MARKETING_VERSION = 1.0;
				PRODUCT_BUNDLE_IDENTIFIER = "-------.Calendar-Gnoam";
				PRODUCT_NAME = "$(TARGET_NAME)";
				SWIFT_EMIT_LOC_STRINGS = YES;
				SWIFT_VERSION = 5.0;
				TARGETED_DEVICE_FAMILY = "1,2";
			};
			name = Debug;
		};
		CC972C712BCF553E007F3C9B /* Release */ = {
			isa = XCBuildConfiguration;
			buildSettings = {
				ASSETCATALOG_COMPILER_APPICON_NAME = AppIcon;
				ASSETCATALOG_COMPILER_GLOBAL_ACCENT_COLOR_NAME = AccentColor;
				CODE_SIGN_STYLE = Automatic;
				CURRENT_PROJECT_VERSION = 1;
				DEVELOPMENT_ASSET_PATHS = "\"Calendar_Gnoam/Preview Content\"";
				DEVELOPMENT_TEAM = HGC446G538;
				ENABLE_PREVIEWS = YES;
				GENERATE_INFOPLIST_FILE = YES;
				INFOPLIST_KEY_UIApplicationSceneManifest_Generation = YES;
				INFOPLIST_KEY_UIApplicationSupportsIndirectInputEvents = YES;
				INFOPLIST_KEY_UILaunchScreen_Generation = YES;
				INFOPLIST_KEY_UISupportedInterfaceOrientations_iPad = "UIInterfaceOrientationPortrait UIInterfaceOrientationPortraitUpsideDown UIInterfaceOrientationLandscapeLeft UIInterfaceOrientationLandscapeRight";
				INFOPLIST_KEY_UISupportedInterfaceOrientations_iPhone = "UIInterfaceOrientationPortrait UIInterfaceOrientationLandscapeLeft UIInterfaceOrientationLandscapeRight";
				LD_RUNPATH_SEARCH_PATHS = (
					"$(inherited)",
					"@executable_path/Frameworks",
				);
				MARKETING_VERSION = 1.0;
				PRODUCT_BUNDLE_IDENTIFIER = "-------.Calendar-Gnoam";
				PRODUCT_NAME = "$(TARGET_NAME)";
				SWIFT_EMIT_LOC_STRINGS = YES;
				SWIFT_VERSION = 5.0;
				TARGETED_DEVICE_FAMILY = "1,2";
			};
			name = Release;
		};
/* End XCBuildConfiguration section */

/* Begin XCConfigurationList section */
		CC972C5C2BCF553D007F3C9B /* Build configuration list for PBXProject "Calendar_Gnoam" */ = {
			isa = XCConfigurationList;
			buildConfigurations = (
				CC972C6D2BCF553E007F3C9B /* Debug */,
				CC972C6E2BCF553E007F3C9B /* Release */,
			);
			defaultConfigurationIsVisible = 0;
			defaultConfigurationName = Release;
		};
		CC972C6F2BCF553E007F3C9B /* Build configuration list for PBXNativeTarget "Calendar_Gnoam" */ = {
			isa = XCConfigurationList;
			buildConfigurations = (
				CC972C702BCF553E007F3C9B /* Debug */,
				CC972C712BCF553E007F3C9B /* Release */,
			);
			defaultConfigurationIsVisible = 0;
			defaultConfigurationName = Release;
		};
/* End XCConfigurationList section */
	};
	rootObject = CC972C592BCF553D007F3C9B /* Project object */;
}
